
Microsoft Visual Studio Solution File, Format Version 12.00
# Visual Studio Version 16
VisualStudioVersion = 16.0.30413.136
MinimumVisualStudioVersion = 10.0.40219.1
Project("{8BC9CEB8-8B4A-11D0-8D11-00A0C91BC942}") = "Sudoku", "Sudoku.vcxproj", "{1060ADF2-099A-4275-9FE6-19F827266F34}"
EndProject
Global
	GlobalSection(SolutionConfigurationPlatforms) = preSolution
		Debug|x64 = Debug|x64
		Debug|x86 = Debug|x86
		Release|x64 = Release|x64
		Release|x86 = Release|x86
	EndGlobalSection
	GlobalSection(ProjectConfigurationPlatforms) = postSolution
		{1060ADF2-099A-4275-9FE6-19F827266F34}.Debug|x64.ActiveCfg = Debug|x64
		{1060ADF2-099A-4275-9FE6-19F827266F34}.Debug|x64.Build.0 = Debug|x64
		{1060ADF2-099A-4275-9FE6-19F827266F34}.Debug|x86.ActiveCfg = Debug|Win32
		{1060ADF2-099A-4275-9FE6-19F827266F34}.Debug|x86.Build.0 = Debug|Win32
		{1060ADF2-099A-4275-9FE6-19F827266F34}.Release|x64.ActiveCfg = Release|x64
		{1060ADF2-099A-4275-9FE6-19F827266F34}.Release|x64.Build.0 = Release|x64
		{1060ADF2-099A-4275-9FE6-19F827266F34}.Release|x86.ActiveCfg = Release|Win32
		{1060ADF2-099A-4275-9FE6-19F827266F34}.Release|x86.Build.0 = Release|Win32
	EndGlobalSection
	GlobalSection(SolutionProperties) = preSolution
		HideSolutionNode = FALSE
	EndGlobalSection
	GlobalSection(ExtensibilityGlobals) = postSolution
		SolutionGuid = {FF1C7738-476D-47CA-845F-2650E8C5D436}
	EndGlobalSection
EndGlobal
